
Microsoft Visual Studio Solution File, Format Version 12.00
# Visual Studio Version 16
VisualStudioVersion = 16.0.32407.337
MinimumVisualStudioVersion = 10.0.40219.1
Project("{8BC9CEB8-8B4A-11D0-8D11-00A0C91BC942}") = "ゼロイチ変換？？？", "ゼロイチ変換？？？.vcxproj", "{42934AA0-61EA-4359-9FE5-CF5202354BB4}"
EndProject
Global
	GlobalSection(SolutionConfigurationPlatforms) = preSolution
		Debug|x64 = Debug|x64
		Debug|x86 = Debug|x86
		Release|x64 = Release|x64
		Release|x86 = Release|x86
	EndGlobalSection
	GlobalSection(ProjectConfigurationPlatforms) = postSolution
		{42934AA0-61EA-4359-9FE5-CF5202354BB4}.Debug|x64.ActiveCfg = Debug|x64
		{42934AA0-61EA-4359-9FE5-CF5202354BB4}.Debug|x64.Build.0 = Debug|x64
		{42934AA0-61EA-4359-9FE5-CF5202354BB4}.Debug|x86.ActiveCfg = Debug|Win32
		{42934AA0-61EA-4359-9FE5-CF5202354BB4}.Debug|x86.Build.0 = Debug|Win32
		{42934AA0-61EA-4359-9FE5-CF5202354BB4}.Release|x64.ActiveCfg = Release|x64
		{42934AA0-61EA-4359-9FE5-CF5202354BB4}.Release|x64.Build.0 = Release|x64
		{42934AA0-61EA-4359-9FE5-CF5202354BB4}.Release|x86.ActiveCfg = Release|Win32
		{42934AA0-61EA-4359-9FE5-CF5202354BB4}.Release|x86.Build.0 = Release|Win32
	EndGlobalSection
	GlobalSection(SolutionProperties) = preSolution
		HideSolutionNode = FALSE
	EndGlobalSection
	GlobalSection(ExtensibilityGlobals) = postSolution
		SolutionGuid = {44DF75A5-4750-4581-A3FF-CCC149383A86}
	EndGlobalSection
EndGlobal
